
Microsoft Visual Studio Solution File, Format Version 12.00
# Visual Studio Version 16
VisualStudioVersion = 16.0.31702.278
MinimumVisualStudioVersion = 10.0.40219.1
Project("{9A19103F-16F7-4668-BE54-9A1E7A4F7556}") = "Transversal.Common", "Transversal.Common\Transversal.Common.csproj", "{1E2ABFFB-C8A1-412B-8596-B2C81CF0C51D}"
EndProject
Project("{2150E333-8FDC-42A3-9474-1A3956D46DE8}") = "05-Transversal", "05-Transversal", "{518FC029-7306-486C-BE3E-D7B9A64FD09D}"
EndProject
Project("{2150E333-8FDC-42A3-9474-1A3956D46DE8}") = "03-Dominio", "03-Dominio", "{AD56E253-F328-4161-9562-EAE0A9914AE4}"
EndProject
Project("{2150E333-8FDC-42A3-9474-1A3956D46DE8}") = "02-Aplicacion", "02-Aplicacion", "{1815C165-8C43-4A14-9B01-CA1BF1B6426F}"
EndProject
Project("{2150E333-8FDC-42A3-9474-1A3956D46DE8}") = "04-Infraestructura", "04-Infraestructura", "{39E1D4E0-A4A4-4406-9D9E-310DABCFF1AD}"
EndProject
Project("{2150E333-8FDC-42A3-9474-1A3956D46DE8}") = "01-Servicio", "01-Servicio", "{3868EBE0-7562-4374-81CC-29CCC6F48528}"
EndProject
Project("{9A19103F-16F7-4668-BE54-9A1E7A4F7556}") = "Infraestructura.Data", "Infraestructura.Data\Infraestructura.Data.csproj", "{D25F86F6-9A0E-4840-A7ED-66772BB49EDF}"
EndProject
Project("{9A19103F-16F7-4668-BE54-9A1E7A4F7556}") = "Infraestructura.Interface", "Infraestructura.Interface\Infraestructura.Interface.csproj", "{DA726332-3A34-445E-8890-0FA864D1D74A}"
EndProject
Project("{9A19103F-16F7-4668-BE54-9A1E7A4F7556}") = "Domain.Entity", "Domain.Entity\Domain.Entity.csproj", "{61E465E2-1B63-4888-9A57-DD60F1D583AA}"
EndProject
Project("{9A19103F-16F7-4668-BE54-9A1E7A4F7556}") = "Infraestructura.Repository", "Infraestructura.Repository\Infraestructura.Repository.csproj", "{21233ABE-7443-49D5-B474-C46C4C3E588A}"
EndProject
Project("{9A19103F-16F7-4668-BE54-9A1E7A4F7556}") = "Domain.Interface", "Domain.Interface\Domain.Interface.csproj", "{F384F604-EBFC-402F-B2CF-A2AF586736D2}"
EndProject
Project("{9A19103F-16F7-4668-BE54-9A1E7A4F7556}") = "Domain.Core", "Domain.Core\Domain.Core.csproj", "{BD88BD14-CB86-4AA0-91B6-BA5411E0164D}"
EndProject
Project("{9A19103F-16F7-4668-BE54-9A1E7A4F7556}") = "Application.DTO", "Application.DTO\Application.DTO.csproj", "{1B5F4CDF-7F49-49F8-83E2-B98539384403}"
EndProject
Project("{9A19103F-16F7-4668-BE54-9A1E7A4F7556}") = "Transversal.Mapper", "Transversal.Mapper\Transversal.Mapper.csproj", "{6A0825CB-02F1-48EE-9FAE-BA7F236C9006}"
EndProject
Project("{9A19103F-16F7-4668-BE54-9A1E7A4F7556}") = "Application.Interface", "Application.Interface\Application.Interface.csproj", "{C9304CF4-2D6C-4458-8667-6BFE1C042681}"
EndProject
Project("{9A19103F-16F7-4668-BE54-9A1E7A4F7556}") = "Application.Main", "Application.Main\Application.Main.csproj", "{2C4C3A74-7885-49A4-B740-4FEEF9B4B1D5}"
EndProject
Project("{9A19103F-16F7-4668-BE54-9A1E7A4F7556}") = "Services.WebApi", "Services.WebApi\Services.WebApi.csproj", "{D24A68CC-015C-4403-AB19-37053682B748}"
EndProject
Project("{9A19103F-16F7-4668-BE54-9A1E7A4F7556}") = "Transversal.Logging", "Transversal.Logging.new\Transversal.Logging.csproj", "{219D5BEE-F751-4F0D-8944-2FB9299C10E9}"
EndProject
Project("{FAE04EC0-301F-11D3-BF4B-00C04F79EFBC}") = "Application.Validator", "Aplication.Validator\Application.Validator.csproj", "{0EAE6055-CC56-4ACF-B6AE-0CF8DB25A5FC}"
EndProject
Global
	GlobalSection(SolutionConfigurationPlatforms) = preSolution
		Debug|Any CPU = Debug|Any CPU
		Release|Any CPU = Release|Any CPU
	EndGlobalSection
	GlobalSection(ProjectConfigurationPlatforms) = postSolution
		{1E2ABFFB-C8A1-412B-8596-B2C81CF0C51D}.Debug|Any CPU.ActiveCfg = Debug|Any CPU
		{1E2ABFFB-C8A1-412B-8596-B2C81CF0C51D}.Debug|Any CPU.Build.0 = Debug|Any CPU
		{1E2ABFFB-C8A1-412B-8596-B2C81CF0C51D}.Release|Any CPU.ActiveCfg = Release|Any CPU
		{1E2ABFFB-C8A1-412B-8596-B2C81CF0C51D}.Release|Any CPU.Build.0 = Release|Any CPU
		{D25F86F6-9A0E-4840-A7ED-66772BB49EDF}.Debug|Any CPU.ActiveCfg = Debug|Any CPU
		{D25F86F6-9A0E-4840-A7ED-66772BB49EDF}.Debug|Any CPU.Build.0 = Debug|Any CPU
		{D25F86F6-9A0E-4840-A7ED-66772BB49EDF}.Release|Any CPU.ActiveCfg = Release|Any CPU
		{D25F86F6-9A0E-4840-A7ED-66772BB49EDF}.Release|Any CPU.Build.0 = Release|Any CPU
		{DA726332-3A34-445E-8890-0FA864D1D74A}.Debug|Any CPU.ActiveCfg = Debug|Any CPU
		{DA726332-3A34-445E-8890-0FA864D1D74A}.Debug|Any CPU.Build.0 = Debug|Any CPU
		{DA726332-3A34-445E-8890-0FA864D1D74A}.Release|Any CPU.ActiveCfg = Release|Any CPU
		{DA726332-3A34-445E-8890-0FA864D1D74A}.Release|Any CPU.Build.0 = Release|Any CPU
		{61E465E2-1B63-4888-9A57-DD60F1D583AA}.Debug|Any CPU.ActiveCfg = Debug|Any CPU
		{61E465E2-1B63-4888-9A57-DD60F1D583AA}.Debug|Any CPU.Build.0 = Debug|Any CPU
		{61E465E2-1B63-4888-9A57-DD60F1D583AA}.Release|Any CPU.ActiveCfg = Release|Any CPU
		{61E465E2-1B63-4888-9A57-DD60F1D583AA}.Release|Any CPU.Build.0 = Release|Any CPU
		{21233ABE-7443-49D5-B474-C46C4C3E588A}.Debug|Any CPU.ActiveCfg = Debug|Any CPU
		{21233ABE-7443-49D5-B474-C46C4C3E588A}.Debug|Any CPU.Build.0 = Debug|Any CPU
		{21233ABE-7443-49D5-B474-C46C4C3E588A}.Release|Any CPU.ActiveCfg = Release|Any CPU
		{21233ABE-7443-49D5-B474-C46C4C3E588A}.Release|Any CPU.Build.0 = Release|Any CPU
		{F384F604-EBFC-402F-B2CF-A2AF586736D2}.Debug|Any CPU.ActiveCfg = Debug|Any CPU
		{F384F604-EBFC-402F-B2CF-A2AF586736D2}.Debug|Any CPU.Build.0 = Debug|Any CPU
		{F384F604-EBFC-402F-B2CF-A2AF586736D2}.Release|Any CPU.ActiveCfg = Release|Any CPU
		{F384F604-EBFC-402F-B2CF-A2AF586736D2}.Release|Any CPU.Build.0 = Release|Any CPU
		{BD88BD14-CB86-4AA0-91B6-BA5411E0164D}.Debug|Any CPU.ActiveCfg = Debug|Any CPU
		{BD88BD14-CB86-4AA0-91B6-BA5411E0164D}.Debug|Any CPU.Build.0 = Debug|Any CPU
		{BD88BD14-CB86-4AA0-91B6-BA5411E0164D}.Release|Any CPU.ActiveCfg = Release|Any CPU
		{BD88BD14-CB86-4AA0-91B6-BA5411E0164D}.Release|Any CPU.Build.0 = Release|Any CPU
		{1B5F4CDF-7F49-49F8-83E2-B98539384403}.Debug|Any CPU.ActiveCfg = Debug|Any CPU
		{1B5F4CDF-7F49-49F8-83E2-B98539384403}.Debug|Any CPU.Build.0 = Debug|Any CPU
		{1B5F4CDF-7F49-49F8-83E2-B98539384403}.Release|Any CPU.ActiveCfg = Release|Any CPU
		{1B5F4CDF-7F49-49F8-83E2-B98539384403}.Release|Any CPU.Build.0 = Release|Any CPU
		{6A0825CB-02F1-48EE-9FAE-BA7F236C9006}.Debug|Any CPU.ActiveCfg = Debug|Any CPU
		{6A0825CB-02F1-48EE-9FAE-BA7F236C9006}.Debug|Any CPU.Build.0 = Debug|Any CPU
		{6A0825CB-02F1-48EE-9FAE-BA7F236C9006}.Release|Any CPU.ActiveCfg = Release|Any CPU
		{6A0825CB-02F1-48EE-9FAE-BA7F236C9006}.Release|Any CPU.Build.0 = Release|Any CPU
		{C9304CF4-2D6C-4458-8667-6BFE1C042681}.Debug|Any CPU.ActiveCfg = Debug|Any CPU
		{C9304CF4-2D6C-4458-8667-6BFE1C042681}.Debug|Any CPU.Build.0 = Debug|Any CPU
		{C9304CF4-2D6C-4458-8667-6BFE1C042681}.Release|Any CPU.ActiveCfg = Release|Any CPU
		{C9304CF4-2D6C-4458-8667-6BFE1C042681}.Release|Any CPU.Build.0 = Release|Any CPU
		{2C4C3A74-7885-49A4-B740-4FEEF9B4B1D5}.Debug|Any CPU.ActiveCfg = Debug|Any CPU
		{2C4C3A74-7885-49A4-B740-4FEEF9B4B1D5}.Debug|Any CPU.Build.0 = Debug|Any CPU
		{2C4C3A74-7885-49A4-B740-4FEEF9B4B1D5}.Release|Any CPU.ActiveCfg = Release|Any CPU
		{2C4C3A74-7885-49A4-B740-4FEEF9B4B1D5}.Release|Any CPU.Build.0 = Release|Any CPU
		{D24A68CC-015C-4403-AB19-37053682B748}.Debug|Any CPU.ActiveCfg = Debug|Any CPU
		{D24A68CC-015C-4403-AB19-37053682B748}.Debug|Any CPU.Build.0 = Debug|Any CPU
		{D24A68CC-015C-4403-AB19-37053682B748}.Release|Any CPU.ActiveCfg = Release|Any CPU
		{D24A68CC-015C-4403-AB19-37053682B748}.Release|Any CPU.Build.0 = Release|Any CPU
		{219D5BEE-F751-4F0D-8944-2FB9299C10E9}.Debug|Any CPU.ActiveCfg = Debug|Any CPU
		{219D5BEE-F751-4F0D-8944-2FB9299C10E9}.Debug|Any CPU.Build.0 = Debug|Any CPU
		{219D5BEE-F751-4F0D-8944-2FB9299C10E9}.Release|Any CPU.ActiveCfg = Release|Any CPU
		{219D5BEE-F751-4F0D-8944-2FB9299C10E9}.Release|Any CPU.Build.0 = Release|Any CPU
		{0EAE6055-CC56-4ACF-B6AE-0CF8DB25A5FC}.Debug|Any CPU.ActiveCfg = Debug|Any CPU
		{0EAE6055-CC56-4ACF-B6AE-0CF8DB25A5FC}.Debug|Any CPU.Build.0 = Debug|Any CPU
		{0EAE6055-CC56-4ACF-B6AE-0CF8DB25A5FC}.Release|Any CPU.ActiveCfg = Release|Any CPU
		{0EAE6055-CC56-4ACF-B6AE-0CF8DB25A5FC}.Release|Any CPU.Build.0 = Release|Any CPU
	EndGlobalSection
	GlobalSection(SolutionProperties) = preSolution
		HideSolutionNode = FALSE
	EndGlobalSection
	GlobalSection(NestedProjects) = preSolution
		{1E2ABFFB-C8A1-412B-8596-B2C81CF0C51D} = {518FC029-7306-486C-BE3E-D7B9A64FD09D}
		{D25F86F6-9A0E-4840-A7ED-66772BB49EDF} = {39E1D4E0-A4A4-4406-9D9E-310DABCFF1AD}
		{DA726332-3A34-445E-8890-0FA864D1D74A} = {39E1D4E0-A4A4-4406-9D9E-310DABCFF1AD}
		{61E465E2-1B63-4888-9A57-DD60F1D583AA} = {AD56E253-F328-4161-9562-EAE0A9914AE4}
		{21233ABE-7443-49D5-B474-C46C4C3E588A} = {39E1D4E0-A4A4-4406-9D9E-310DABCFF1AD}
		{F384F604-EBFC-402F-B2CF-A2AF586736D2} = {AD56E253-F328-4161-9562-EAE0A9914AE4}
		{BD88BD14-CB86-4AA0-91B6-BA5411E0164D} = {AD56E253-F328-4161-9562-EAE0A9914AE4}
		{1B5F4CDF-7F49-49F8-83E2-B98539384403} = {1815C165-8C43-4A14-9B01-CA1BF1B6426F}
		{6A0825CB-02F1-48EE-9FAE-BA7F236C9006} = {518FC029-7306-486C-BE3E-D7B9A64FD09D}
		{C9304CF4-2D6C-4458-8667-6BFE1C042681} = {1815C165-8C43-4A14-9B01-CA1BF1B6426F}
		{2C4C3A74-7885-49A4-B740-4FEEF9B4B1D5} = {1815C165-8C43-4A14-9B01-CA1BF1B6426F}
		{D24A68CC-015C-4403-AB19-37053682B748} = {3868EBE0-7562-4374-81CC-29CCC6F48528}
		{219D5BEE-F751-4F0D-8944-2FB9299C10E9} = {518FC029-7306-486C-BE3E-D7B9A64FD09D}
		{0EAE6055-CC56-4ACF-B6AE-0CF8DB25A5FC} = {1815C165-8C43-4A14-9B01-CA1BF1B6426F}
	EndGlobalSection
	GlobalSection(ExtensibilityGlobals) = postSolution
		SolutionGuid = {57E1A213-D948-42FF-BFE3-CC5D6A32C27E}
	EndGlobalSection
EndGlobal
